// !$*UTF8*$!
{
	archiveVersion = 1;
	classes = {
	};
	objectVersion = 56;
	objects = {

/* Begin PBXBuildFile section */
		0D3A58EB29487A7E00AB1520 /* CategoryListView.swift in Sources */ = {isa = PBXBuildFile; fileRef = 0D3A58EA29487A7D00AB1520 /* CategoryListView.swift */; };
		0D3A58ED294882F300AB1520 /* InterestCategory.swift in Sources */ = {isa = PBXBuildFile; fileRef = 0D3A58EC294882F300AB1520 /* InterestCategory.swift */; };
		0D3A58EF294885F700AB1520 /* InterestCategoryView.swift in Sources */ = {isa = PBXBuildFile; fileRef = 0D3A58EE294885F700AB1520 /* InterestCategoryView.swift */; };
		0D3A58F12949D2FB00AB1520 /* InterestTypeListView.swift in Sources */ = {isa = PBXBuildFile; fileRef = 0D3A58F02949D2FB00AB1520 /* InterestTypeListView.swift */; };
		0D3A58F32949D35600AB1520 /* InterestTypeView.swift in Sources */ = {isa = PBXBuildFile; fileRef = 0D3A58F22949D35600AB1520 /* InterestTypeView.swift */; };
		0D3A58F52949D3EE00AB1520 /* InterestType.swift in Sources */ = {isa = PBXBuildFile; fileRef = 0D3A58F42949D3ED00AB1520 /* InterestType.swift */; };
		0D3A58F9294A0AE500AB1520 /* InterestViewModel.swift in Sources */ = {isa = PBXBuildFile; fileRef = 0D3A58F8294A0AE500AB1520 /* InterestViewModel.swift */; };
		0DD3A8F02945FB3D00E3EF85 /* InterestCalculatorApp.swift in Sources */ = {isa = PBXBuildFile; fileRef = 0DD3A8EF2945FB3D00E3EF85 /* InterestCalculatorApp.swift */; };
		0DD3A8F22945FB3D00E3EF85 /* InterestCalculatorView.swift in Sources */ = {isa = PBXBuildFile; fileRef = 0DD3A8F12945FB3D00E3EF85 /* InterestCalculatorView.swift */; };
		0DD3A8F42945FB3E00E3EF85 /* Assets.xcassets in Resources */ = {isa = PBXBuildFile; fileRef = 0DD3A8F32945FB3E00E3EF85 /* Assets.xcassets */; };
		0DD3A8F82945FB3F00E3EF85 /* Preview Assets.xcassets in Resources */ = {isa = PBXBuildFile; fileRef = 0DD3A8F72945FB3F00E3EF85 /* Preview Assets.xcassets */; };
/* End PBXBuildFile section */

/* Begin PBXFileReference section */
		0D3A58EA29487A7D00AB1520 /* CategoryListView.swift */ = {isa = PBXFileReference; lastKnownFileType = sourcecode.swift; path = CategoryListView.swift; sourceTree = "<group>"; };
		0D3A58EC294882F300AB1520 /* InterestCategory.swift */ = {isa = PBXFileReference; lastKnownFileType = sourcecode.swift; path = InterestCategory.swift; sourceTree = "<group>"; };
		0D3A58EE294885F700AB1520 /* InterestCategoryView.swift */ = {isa = PBXFileReference; lastKnownFileType = sourcecode.swift; path = InterestCategoryView.swift; sourceTree = "<group>"; };
		0D3A58F02949D2FB00AB1520 /* InterestTypeListView.swift */ = {isa = PBXFileReference; lastKnownFileType = sourcecode.swift; path = InterestTypeListView.swift; sourceTree = "<group>"; };
		0D3A58F22949D35600AB1520 /* InterestTypeView.swift */ = {isa = PBXFileReference; lastKnownFileType = sourcecode.swift; path = InterestTypeView.swift; sourceTree = "<group>"; };
		0D3A58F42949D3ED00AB1520 /* InterestType.swift */ = {isa = PBXFileReference; lastKnownFileType = sourcecode.swift; path = InterestType.swift; sourceTree = "<group>"; };
		0D3A58F8294A0AE500AB1520 /* InterestViewModel.swift */ = {isa = PBXFileReference; lastKnownFileType = sourcecode.swift; path = InterestViewModel.swift; sourceTree = "<group>"; };
		0DD3A8EC2945FB3D00E3EF85 /* InterestCalculator.app */ = {isa = PBXFileReference; explicitFileType = wrapper.application; includeInIndex = 0; path = InterestCalculator.app; sourceTree = BUILT_PRODUCTS_DIR; };
		0DD3A8EF2945FB3D00E3EF85 /* InterestCalculatorApp.swift */ = {isa = PBXFileReference; lastKnownFileType = sourcecode.swift; path = InterestCalculatorApp.swift; sourceTree = "<group>"; };
		0DD3A8F12945FB3D00E3EF85 /* InterestCalculatorView.swift */ = {isa = PBXFileReference; lastKnownFileType = sourcecode.swift; path = InterestCalculatorView.swift; sourceTree = "<group>"; };
		0DD3A8F32945FB3E00E3EF85 /* Assets.xcassets */ = {isa = PBXFileReference; lastKnownFileType = folder.assetcatalog; path = Assets.xcassets; sourceTree = "<group>"; };
		0DD3A8F52945FB3F00E3EF85 /* InterestCalculator.entitlements */ = {isa = PBXFileReference; lastKnownFileType = text.plist.entitlements; path = InterestCalculator.entitlements; sourceTree = "<group>"; };
		0DD3A8F72945FB3F00E3EF85 /* Preview Assets.xcassets */ = {isa = PBXFileReference; lastKnownFileType = folder.assetcatalog; path = "Preview Assets.xcassets"; sourceTree = "<group>"; };
/* End PBXFileReference section */

/* Begin PBXFrameworksBuildPhase section */
		0DD3A8E92945FB3D00E3EF85 /* Frameworks */ = {
			isa = PBXFrameworksBuildPhase;
			buildActionMask = 2147483647;
			files = (
			);
			runOnlyForDeploymentPostprocessing = 0;
		};
/* End PBXFrameworksBuildPhase section */

/* Begin PBXGroup section */
		0D2210ED294868030028087A /* InterestCalculatorView */ = {
			isa = PBXGroup;
			children = (
				0D2210F1294868DE0028087A /* Data */,
				0D2210F2294868E50028087A /* Domain */,
				0D2210EE2948689D0028087A /* Presentation */,
			);
			path = InterestCalculatorView;
			sourceTree = "<group>";
		};
		0D2210EE2948689D0028087A /* Presentation */ = {
			isa = PBXGroup;
			children = (
				0D2210F0294868CC0028087A /* ViewModel */,
				0D2210EF294868AB0028087A /* View */,
			);
			path = Presentation;
			sourceTree = "<group>";
		};
		0D2210EF294868AB0028087A /* View */ = {
			isa = PBXGroup;
			children = (
				0DD3A8F12945FB3D00E3EF85 /* InterestCalculatorView.swift */,
				0D3A58EA29487A7D00AB1520 /* CategoryListView.swift */,
				0D3A58EE294885F700AB1520 /* InterestCategoryView.swift */,
				0D3A58F02949D2FB00AB1520 /* InterestTypeListView.swift */,
				0D3A58F22949D35600AB1520 /* InterestTypeView.swift */,
			);
			path = View;
			sourceTree = "<group>";
		};
		0D2210F0294868CC0028087A /* ViewModel */ = {
			isa = PBXGroup;
			children = (
				0D3A58F8294A0AE500AB1520 /* InterestViewModel.swift */,
			);
			path = ViewModel;
			sourceTree = "<group>";
		};
		0D2210F1294868DE0028087A /* Data */ = {
			isa = PBXGroup;
			children = (
				0D2210F3294869970028087A /* Repository */,
				0D2210F4294869A90028087A /* Service */,
			);
			path = Data;
			sourceTree = "<group>";
		};
		0D2210F2294868E50028087A /* Domain */ = {
			isa = PBXGroup;
			children = (
				0D2210F7294869F20028087A /* Use Cases */,
				0D2210F6294869E40028087A /* Entities */,
				0D2210F5294869D50028087A /* Interfaces */,
			);
			path = Domain;
			sourceTree = "<group>";
		};
		0D2210F3294869970028087A /* Repository */ = {
			isa = PBXGroup;
			children = (
			);
			path = Repository;
			sourceTree = "<group>";
		};
		0D2210F4294869A90028087A /* Service */ = {
			isa = PBXGroup;
			children = (
			);
			path = Service;
			sourceTree = "<group>";
		};
		0D2210F5294869D50028087A /* Interfaces */ = {
			isa = PBXGroup;
			children = (
			);
			path = Interfaces;
			sourceTree = "<group>";
		};
		0D2210F6294869E40028087A /* Entities */ = {
			isa = PBXGroup;
			children = (
				0D3A58EC294882F300AB1520 /* InterestCategory.swift */,
				0D3A58F42949D3ED00AB1520 /* InterestType.swift */,
			);
			path = Entities;
			sourceTree = "<group>";
		};
		0D2210F7294869F20028087A /* Use Cases */ = {
			isa = PBXGroup;
			children = (
			);
			path = "Use Cases";
			sourceTree = "<group>";
		};
		0DD3A8E32945FB3C00E3EF85 = {
			isa = PBXGroup;
			children = (
				0DD3A8EE2945FB3D00E3EF85 /* InterestCalculator */,
				0DD3A8ED2945FB3D00E3EF85 /* Products */,
			);
			sourceTree = "<group>";
		};
		0DD3A8ED2945FB3D00E3EF85 /* Products */ = {
			isa = PBXGroup;
			children = (
				0DD3A8EC2945FB3D00E3EF85 /* InterestCalculator.app */,
			);
			name = Products;
			sourceTree = "<group>";
		};
		0DD3A8EE2945FB3D00E3EF85 /* InterestCalculator */ = {
			isa = PBXGroup;
			children = (
				0DD3A8EF2945FB3D00E3EF85 /* InterestCalculatorApp.swift */,
				0D2210ED294868030028087A /* InterestCalculatorView */,
				0DD3A8F32945FB3E00E3EF85 /* Assets.xcassets */,
				0DD3A8F52945FB3F00E3EF85 /* InterestCalculator.entitlements */,
				0DD3A8F62945FB3F00E3EF85 /* Preview Content */,
			);
			path = InterestCalculator;
			sourceTree = "<group>";
		};
		0DD3A8F62945FB3F00E3EF85 /* Preview Content */ = {
			isa = PBXGroup;
			children = (
				0DD3A8F72945FB3F00E3EF85 /* Preview Assets.xcassets */,
			);
			path = "Preview Content";
			sourceTree = "<group>";
		};
/* End PBXGroup section */

/* Begin PBXNativeTarget section */
		0DD3A8EB2945FB3D00E3EF85 /* InterestCalculator */ = {
			isa = PBXNativeTarget;
			buildConfigurationList = 0DD3A8FB2945FB3F00E3EF85 /* Build configuration list for PBXNativeTarget "InterestCalculator" */;
			buildPhases = (
				0DD3A8E82945FB3D00E3EF85 /* Sources */,
				0DD3A8E92945FB3D00E3EF85 /* Frameworks */,
				0DD3A8EA2945FB3D00E3EF85 /* Resources */,
			);
			buildRules = (
			);
			dependencies = (
			);
			name = InterestCalculator;
			productName = InterestCalculator;
			productReference = 0DD3A8EC2945FB3D00E3EF85 /* InterestCalculator.app */;
			productType = "com.apple.product-type.application";
		};
/* End PBXNativeTarget section */

/* Begin PBXProject section */
		0DD3A8E42945FB3C00E3EF85 /* Project object */ = {
			isa = PBXProject;
			attributes = {
				BuildIndependentTargetsInParallel = 1;
				LastSwiftUpdateCheck = 1410;
				LastUpgradeCheck = 1410;
				TargetAttributes = {
					0DD3A8EB2945FB3D00E3EF85 = {
						CreatedOnToolsVersion = 14.1;
					};
				};
			};
			buildConfigurationList = 0DD3A8E72945FB3C00E3EF85 /* Build configuration list for PBXProject "InterestCalculator" */;
			compatibilityVersion = "Xcode 14.0";
			developmentRegion = en;
			hasScannedForEncodings = 0;
			knownRegions = (
				en,
				Base,
			);
			mainGroup = 0DD3A8E32945FB3C00E3EF85;
			productRefGroup = 0DD3A8ED2945FB3D00E3EF85 /* Products */;
			projectDirPath = "";
			projectRoot = "";
			targets = (
				0DD3A8EB2945FB3D00E3EF85 /* InterestCalculator */,
			);
		};
/* End PBXProject section */

/* Begin PBXResourcesBuildPhase section */
		0DD3A8EA2945FB3D00E3EF85 /* Resources */ = {
			isa = PBXResourcesBuildPhase;
			buildActionMask = 2147483647;
			files = (
				0DD3A8F82945FB3F00E3EF85 /* Preview Assets.xcassets in Resources */,
				0DD3A8F42945FB3E00E3EF85 /* Assets.xcassets in Resources */,
			);
			runOnlyForDeploymentPostprocessing = 0;
		};
/* End PBXResourcesBuildPhase section */

/* Begin PBXSourcesBuildPhase section */
		0DD3A8E82945FB3D00E3EF85 /* Sources */ = {
			isa = PBXSourcesBuildPhase;
			buildActionMask = 2147483647;
			files = (
				0D3A58F12949D2FB00AB1520 /* InterestTypeListView.swift in Sources */,
				0D3A58F9294A0AE500AB1520 /* InterestViewModel.swift in Sources */,
				0D3A58EF294885F700AB1520 /* InterestCategoryView.swift in Sources */,
				0D3A58EB29487A7E00AB1520 /* CategoryListView.swift in Sources */,
				0DD3A8F22945FB3D00E3EF85 /* InterestCalculatorView.swift in Sources */,
				0DD3A8F02945FB3D00E3EF85 /* InterestCalculatorApp.swift in Sources */,
				0D3A58F52949D3EE00AB1520 /* InterestType.swift in Sources */,
				0D3A58F32949D35600AB1520 /* InterestTypeView.swift in Sources */,
				0D3A58ED294882F300AB1520 /* InterestCategory.swift in Sources */,
			);
			runOnlyForDeploymentPostprocessing = 0;
		};
/* End PBXSourcesBuildPhase section */

/* Begin XCBuildConfiguration section */
		0DD3A8F92945FB3F00E3EF85 /* Debug */ = {
			isa = XCBuildConfiguration;
			buildSettings = {
				ALWAYS_SEARCH_USER_PATHS = NO;
				CLANG_ANALYZER_NONNULL = YES;
				CLANG_ANALYZER_NUMBER_OBJECT_CONVERSION = YES_AGGRESSIVE;
				CLANG_CXX_LANGUAGE_STANDARD = "gnu++20";
				CLANG_ENABLE_MODULES = YES;
				CLANG_ENABLE_OBJC_ARC = YES;
				CLANG_ENABLE_OBJC_WEAK = YES;
				CLANG_WARN_BLOCK_CAPTURE_AUTORELEASING = YES;
				CLANG_WARN_BOOL_CONVERSION = YES;
				CLANG_WARN_COMMA = YES;
				CLANG_WARN_CONSTANT_CONVERSION = YES;
				CLANG_WARN_DEPRECATED_OBJC_IMPLEMENTATIONS = YES;
				CLANG_WARN_DIRECT_OBJC_ISA_USAGE = YES_ERROR;
				CLANG_WARN_DOCUMENTATION_COMMENTS = YES;
				CLANG_WARN_EMPTY_BODY = YES;
				CLANG_WARN_ENUM_CONVERSION = YES;
				CLANG_WARN_INFINITE_RECURSION = YES;
				CLANG_WARN_INT_CONVERSION = YES;
				CLANG_WARN_NON_LITERAL_NULL_CONVERSION = YES;
				CLANG_WARN_OBJC_IMPLICIT_RETAIN_SELF = YES;
				CLANG_WARN_OBJC_LITERAL_CONVERSION = YES;
				CLANG_WARN_OBJC_ROOT_CLASS = YES_ERROR;
				CLANG_WARN_QUOTED_INCLUDE_IN_FRAMEWORK_HEADER = YES;
				CLANG_WARN_RANGE_LOOP_ANALYSIS = YES;
				CLANG_WARN_STRICT_PROTOTYPES = YES;
				CLANG_WARN_SUSPICIOUS_MOVE = YES;
				CLANG_WARN_UNGUARDED_AVAILABILITY = YES_AGGRESSIVE;
				CLANG_WARN_UNREACHABLE_CODE = YES;
				CLANG_WARN__DUPLICATE_METHOD_MATCH = YES;
				COPY_PHASE_STRIP = NO;
				DEBUG_INFORMATION_FORMAT = dwarf;
				ENABLE_STRICT_OBJC_MSGSEND = YES;
				ENABLE_TESTABILITY = YES;
				GCC_C_LANGUAGE_STANDARD = gnu11;
				GCC_DYNAMIC_NO_PIC = NO;
				GCC_NO_COMMON_BLOCKS = YES;
				GCC_OPTIMIZATION_LEVEL = 0;
				GCC_PREPROCESSOR_DEFINITIONS = (
					"DEBUG=1",
					"$(inherited)",
				);
				GCC_WARN_64_TO_32_BIT_CONVERSION = YES;
				GCC_WARN_ABOUT_RETURN_TYPE = YES_ERROR;
				GCC_WARN_UNDECLARED_SELECTOR = YES;
				GCC_WARN_UNINITIALIZED_AUTOS = YES_AGGRESSIVE;
				GCC_WARN_UNUSED_FUNCTION = YES;
				GCC_WARN_UNUSED_VARIABLE = YES;
				MTL_ENABLE_DEBUG_INFO = INCLUDE_SOURCE;
				MTL_FAST_MATH = YES;
				ONLY_ACTIVE_ARCH = YES;
				SWIFT_ACTIVE_COMPILATION_CONDITIONS = DEBUG;
				SWIFT_OPTIMIZATION_LEVEL = "-Onone";
			};
			name = Debug;
		};
		0DD3A8FA2945FB3F00E3EF85 /* Release */ = {
			isa = XCBuildConfiguration;
			buildSettings = {
				ALWAYS_SEARCH_USER_PATHS = NO;
				CLANG_ANALYZER_NONNULL = YES;
				CLANG_ANALYZER_NUMBER_OBJECT_CONVERSION = YES_AGGRESSIVE;
				CLANG_CXX_LANGUAGE_STANDARD = "gnu++20";
				CLANG_ENABLE_MODULES = YES;
				CLANG_ENABLE_OBJC_ARC = YES;
				CLANG_ENABLE_OBJC_WEAK = YES;
				CLANG_WARN_BLOCK_CAPTURE_AUTORELEASING = YES;
				CLANG_WARN_BOOL_CONVERSION = YES;
				CLANG_WARN_COMMA = YES;
				CLANG_WARN_CONSTANT_CONVERSION = YES;
				CLANG_WARN_DEPRECATED_OBJC_IMPLEMENTATIONS = YES;
				CLANG_WARN_DIRECT_OBJC_ISA_USAGE = YES_ERROR;
				CLANG_WARN_DOCUMENTATION_COMMENTS = YES;
				CLANG_WARN_EMPTY_BODY = YES;
				CLANG_WARN_ENUM_CONVERSION = YES;
				CLANG_WARN_INFINITE_RECURSION = YES;
				CLANG_WARN_INT_CONVERSION = YES;
				CLANG_WARN_NON_LITERAL_NULL_CONVERSION = YES;
				CLANG_WARN_OBJC_IMPLICIT_RETAIN_SELF = YES;
				CLANG_WARN_OBJC_LITERAL_CONVERSION = YES;
				CLANG_WARN_OBJC_ROOT_CLASS = YES_ERROR;
				CLANG_WARN_QUOTED_INCLUDE_IN_FRAMEWORK_HEADER = YES;
				CLANG_WARN_RANGE_LOOP_ANALYSIS = YES;
				CLANG_WARN_STRICT_PROTOTYPES = YES;
				CLANG_WARN_SUSPICIOUS_MOVE = YES;
				CLANG_WARN_UNGUARDED_AVAILABILITY = YES_AGGRESSIVE;
				CLANG_WARN_UNREACHABLE_CODE = YES;
				CLANG_WARN__DUPLICATE_METHOD_MATCH = YES;
				COPY_PHASE_STRIP = NO;
				DEBUG_INFORMATION_FORMAT = "dwarf-with-dsym";
				ENABLE_NS_ASSERTIONS = NO;
				ENABLE_STRICT_OBJC_MSGSEND = YES;
				GCC_C_LANGUAGE_STANDARD = gnu11;
				GCC_NO_COMMON_BLOCKS = YES;
				GCC_WARN_64_TO_32_BIT_CONVERSION = YES;
				GCC_WARN_ABOUT_RETURN_TYPE = YES_ERROR;
				GCC_WARN_UNDECLARED_SELECTOR = YES;
				GCC_WARN_UNINITIALIZED_AUTOS = YES_AGGRESSIVE;
				GCC_WARN_UNUSED_FUNCTION = YES;
				GCC_WARN_UNUSED_VARIABLE = YES;
				MTL_ENABLE_DEBUG_INFO = NO;
				MTL_FAST_MATH = YES;
				SWIFT_COMPILATION_MODE = wholemodule;
				SWIFT_OPTIMIZATION_LEVEL = "-O";
			};
			name = Release;
		};
		0DD3A8FC2945FB3F00E3EF85 /* Debug */ = {
			isa = XCBuildConfiguration;
			buildSettings = {
				ASSETCATALOG_COMPILER_APPICON_NAME = AppIcon;
				ASSETCATALOG_COMPILER_GLOBAL_ACCENT_COLOR_NAME = AccentColor;
				CODE_SIGN_ENTITLEMENTS = InterestCalculator/InterestCalculator.entitlements;
				CODE_SIGN_STYLE = Automatic;
				CURRENT_PROJECT_VERSION = 1;
				DEVELOPMENT_ASSET_PATHS = "\"InterestCalculator/Preview Content\"";
				DEVELOPMENT_TEAM = Q9XVX6TNW7;
				ENABLE_HARDENED_RUNTIME = YES;
				ENABLE_PREVIEWS = YES;
				GENERATE_INFOPLIST_FILE = YES;
				"INFOPLIST_KEY_UIApplicationSceneManifest_Generation[sdk=iphoneos*]" = YES;
				"INFOPLIST_KEY_UIApplicationSceneManifest_Generation[sdk=iphonesimulator*]" = YES;
				"INFOPLIST_KEY_UIApplicationSupportsIndirectInputEvents[sdk=iphoneos*]" = YES;
				"INFOPLIST_KEY_UIApplicationSupportsIndirectInputEvents[sdk=iphonesimulator*]" = YES;
				"INFOPLIST_KEY_UILaunchScreen_Generation[sdk=iphoneos*]" = YES;
				"INFOPLIST_KEY_UILaunchScreen_Generation[sdk=iphonesimulator*]" = YES;
				"INFOPLIST_KEY_UIStatusBarStyle[sdk=iphoneos*]" = UIStatusBarStyleDefault;
				"INFOPLIST_KEY_UIStatusBarStyle[sdk=iphonesimulator*]" = UIStatusBarStyleDefault;
				INFOPLIST_KEY_UISupportedInterfaceOrientations_iPad = "UIInterfaceOrientationPortrait UIInterfaceOrientationPortraitUpsideDown UIInterfaceOrientationLandscapeLeft UIInterfaceOrientationLandscapeRight";
				INFOPLIST_KEY_UISupportedInterfaceOrientations_iPhone = "UIInterfaceOrientationPortrait UIInterfaceOrientationLandscapeLeft UIInterfaceOrientationLandscapeRight";
				IPHONEOS_DEPLOYMENT_TARGET = 16.1;
				LD_RUNPATH_SEARCH_PATHS = "@executable_path/Frameworks";
				"LD_RUNPATH_SEARCH_PATHS[sdk=macosx*]" = "@executable_path/../Frameworks";
				MACOSX_DEPLOYMENT_TARGET = 13.0;
				MARKETING_VERSION = 1.0;
				PRODUCT_BUNDLE_IDENTIFIER = gado.InterestCalculator;
				PRODUCT_NAME = "$(TARGET_NAME)";
				SDKROOT = auto;
				SUPPORTED_PLATFORMS = "iphoneos iphonesimulator macosx";
				SWIFT_EMIT_LOC_STRINGS = YES;
				SWIFT_VERSION = 5.0;
				TARGETED_DEVICE_FAMILY = "1,2";
			};
			name = Debug;
		};
		0DD3A8FD2945FB3F00E3EF85 /* Release */ = {
			isa = XCBuildConfiguration;
			buildSettings = {
				ASSETCATALOG_COMPILER_APPICON_NAME = AppIcon;
				ASSETCATALOG_COMPILER_GLOBAL_ACCENT_COLOR_NAME = AccentColor;
				CODE_SIGN_ENTITLEMENTS = InterestCalculator/InterestCalculator.entitlements;
				CODE_SIGN_STYLE = Automatic;
				CURRENT_PROJECT_VERSION = 1;
				DEVELOPMENT_ASSET_PATHS = "\"InterestCalculator/Preview Content\"";
				DEVELOPMENT_TEAM = Q9XVX6TNW7;
				ENABLE_HARDENED_RUNTIME = YES;
				ENABLE_PREVIEWS = YES;
				GENERATE_INFOPLIST_FILE = YES;
				"INFOPLIST_KEY_UIApplicationSceneManifest_Generation[sdk=iphoneos*]" = YES;
				"INFOPLIST_KEY_UIApplicationSceneManifest_Generation[sdk=iphonesimulator*]" = YES;
				"INFOPLIST_KEY_UIApplicationSupportsIndirectInputEvents[sdk=iphoneos*]" = YES;
				"INFOPLIST_KEY_UIApplicationSupportsIndirectInputEvents[sdk=iphonesimulator*]" = YES;
				"INFOPLIST_KEY_UILaunchScreen_Generation[sdk=iphoneos*]" = YES;
				"INFOPLIST_KEY_UILaunchScreen_Generation[sdk=iphonesimulator*]" = YES;
				"INFOPLIST_KEY_UIStatusBarStyle[sdk=iphoneos*]" = UIStatusBarStyleDefault;
				"INFOPLIST_KEY_UIStatusBarStyle[sdk=iphonesimulator*]" = UIStatusBarStyleDefault;
				INFOPLIST_KEY_UISupportedInterfaceOrientations_iPad = "UIInterfaceOrientationPortrait UIInterfaceOrientationPortraitUpsideDown UIInterfaceOrientationLandscapeLeft UIInterfaceOrientationLandscapeRight";
				INFOPLIST_KEY_UISupportedInterfaceOrientations_iPhone = "UIInterfaceOrientationPortrait UIInterfaceOrientationLandscapeLeft UIInterfaceOrientationLandscapeRight";
				IPHONEOS_DEPLOYMENT_TARGET = 16.1;
				LD_RUNPATH_SEARCH_PATHS = "@executable_path/Frameworks";
				"LD_RUNPATH_SEARCH_PATHS[sdk=macosx*]" = "@executable_path/../Frameworks";
				MACOSX_DEPLOYMENT_TARGET = 13.0;
				MARKETING_VERSION = 1.0;
				PRODUCT_BUNDLE_IDENTIFIER = gado.InterestCalculator;
				PRODUCT_NAME = "$(TARGET_NAME)";
				SDKROOT = auto;
				SUPPORTED_PLATFORMS = "iphoneos iphonesimulator macosx";
				SWIFT_EMIT_LOC_STRINGS = YES;
				SWIFT_VERSION = 5.0;
				TARGETED_DEVICE_FAMILY = "1,2";
			};
			name = Release;
		};
/* End XCBuildConfiguration section */

/* Begin XCConfigurationList section */
		0DD3A8E72945FB3C00E3EF85 /* Build configuration list for PBXProject "InterestCalculator" */ = {
			isa = XCConfigurationList;
			buildConfigurations = (
				0DD3A8F92945FB3F00E3EF85 /* Debug */,
				0DD3A8FA2945FB3F00E3EF85 /* Release */,
			);
			defaultConfigurationIsVisible = 0;
			defaultConfigurationName = Release;
		};
		0DD3A8FB2945FB3F00E3EF85 /* Build configuration list for PBXNativeTarget "InterestCalculator" */ = {
			isa = XCConfigurationList;
			buildConfigurations = (
				0DD3A8FC2945FB3F00E3EF85 /* Debug */,
				0DD3A8FD2945FB3F00E3EF85 /* Release */,
			);
			defaultConfigurationIsVisible = 0;
			defaultConfigurationName = Release;
		};
/* End XCConfigurationList section */
	};
	rootObject = 0DD3A8E42945FB3C00E3EF85 /* Project object */;
}
